
Microsoft Visual Studio Solution File, Format Version 12.00
# Visual Studio 15
VisualStudioVersion = 15.0.27004.2002
MinimumVisualStudioVersion = 10.0.40219.1
Project("{FAE04EC0-301F-11D3-BF4B-00C04F79EFBC}") = "ConsoleApp.NetFramework", "ConsoleApp.NetFramework\ConsoleApp.NetFramework.csproj", "{71FAE6C2-9F47-47E0-B8A6-2CD2B4DDD391}"
EndProject
Project("{FAE04EC0-301F-11D3-BF4B-00C04F79EFBC}") = "ClassLibrary.NetStandard", "ClassLibrary.NetStandard\ClassLibrary.NetStandard.csproj", "{01B9D531-7117-46D3-8362-EE28432B3C1B}"
EndProject
Global
	GlobalSection(SolutionConfigurationPlatforms) = preSolution
		Debug|Any CPU = Debug|Any CPU
		Release|Any CPU = Release|Any CPU
	EndGlobalSection
	GlobalSection(ProjectConfigurationPlatforms) = postSolution
		{71FAE6C2-9F47-47E0-B8A6-2CD2B4DDD391}.Debug|Any CPU.ActiveCfg = Debug|Any CPU
		{71FAE6C2-9F47-47E0-B8A6-2CD2B4DDD391}.Debug|Any CPU.Build.0 = Debug|Any CPU
		{71FAE6C2-9F47-47E0-B8A6-2CD2B4DDD391}.Release|Any CPU.ActiveCfg = Release|Any CPU
		{71FAE6C2-9F47-47E0-B8A6-2CD2B4DDD391}.Release|Any CPU.Build.0 = Release|Any CPU
		{01B9D531-7117-46D3-8362-EE28432B3C1B}.Debug|Any CPU.ActiveCfg = Debug|Any CPU
		{01B9D531-7117-46D3-8362-EE28432B3C1B}.Debug|Any CPU.Build.0 = Debug|Any CPU
		{01B9D531-7117-46D3-8362-EE28432B3C1B}.Release|Any CPU.ActiveCfg = Release|Any CPU
		{01B9D531-7117-46D3-8362-EE28432B3C1B}.Release|Any CPU.Build.0 = Release|Any CPU
	EndGlobalSection
	GlobalSection(SolutionProperties) = preSolution
		HideSolutionNode = FALSE
	EndGlobalSection
	GlobalSection(ExtensibilityGlobals) = postSolution
		SolutionGuid = {BF99B93D-25B7-4CE0-A5EE-F0F2D2DC518B}
	EndGlobalSection
EndGlobal
